
Microsoft Visual Studio Solution File, Format Version 12.00
# Visual Studio Version 16
VisualStudioVersion = 16.0.33027.164
MinimumVisualStudioVersion = 10.0.40219.1
Project("{FAE04EC0-301F-11D3-BF4B-00C04F79EFBC}") = "VSP_640-IMZ_6", "VSP_640-IMZ_6.csproj", "{EE46B25F-25F0-4787-82CC-26B1EF3AA3D9}"
EndProject
Global
	GlobalSection(SolutionConfigurationPlatforms) = preSolution
		Debug|Any CPU = Debug|Any CPU
		Release|Any CPU = Release|Any CPU
	EndGlobalSection
	GlobalSection(ProjectConfigurationPlatforms) = postSolution
		{EE46B25F-25F0-4787-82CC-26B1EF3AA3D9}.Debug|Any CPU.ActiveCfg = Debug|Any CPU
		{EE46B25F-25F0-4787-82CC-26B1EF3AA3D9}.Debug|Any CPU.Build.0 = Debug|Any CPU
		{EE46B25F-25F0-4787-82CC-26B1EF3AA3D9}.Release|Any CPU.ActiveCfg = Release|Any CPU
		{EE46B25F-25F0-4787-82CC-26B1EF3AA3D9}.Release|Any CPU.Build.0 = Release|Any CPU
	EndGlobalSection
	GlobalSection(SolutionProperties) = preSolution
		HideSolutionNode = FALSE
	EndGlobalSection
	GlobalSection(ExtensibilityGlobals) = postSolution
		SolutionGuid = {C9C99470-3A6D-44C8-A2E0-C9BFD9F53C88}
	EndGlobalSection
EndGlobal
