
Microsoft Visual Studio Solution File, Format Version 12.00
# Visual Studio Version 16
VisualStudioVersion = 16.0.33027.164
MinimumVisualStudioVersion = 10.0.40219.1
Project("{FAE04EC0-301F-11D3-BF4B-00C04F79EFBC}") = "VSP_640-IMZ_7", "VSP_640-IMZ_7.csproj", "{AC28D910-DF84-4082-957E-1FE30E951AD5}"
EndProject
Global
	GlobalSection(SolutionConfigurationPlatforms) = preSolution
		Debug|Any CPU = Debug|Any CPU
		Release|Any CPU = Release|Any CPU
	EndGlobalSection
	GlobalSection(ProjectConfigurationPlatforms) = postSolution
		{AC28D910-DF84-4082-957E-1FE30E951AD5}.Debug|Any CPU.ActiveCfg = Debug|Any CPU
		{AC28D910-DF84-4082-957E-1FE30E951AD5}.Debug|Any CPU.Build.0 = Debug|Any CPU
		{AC28D910-DF84-4082-957E-1FE30E951AD5}.Release|Any CPU.ActiveCfg = Release|Any CPU
		{AC28D910-DF84-4082-957E-1FE30E951AD5}.Release|Any CPU.Build.0 = Release|Any CPU
	EndGlobalSection
	GlobalSection(SolutionProperties) = preSolution
		HideSolutionNode = FALSE
	EndGlobalSection
	GlobalSection(ExtensibilityGlobals) = postSolution
		SolutionGuid = {8653AA42-9BCC-4305-B7D8-D1B1029CE285}
	EndGlobalSection
EndGlobal
